
Microsoft Visual Studio Solution File, Format Version 10.00
# Visual Studio 2008
Project("{8BC9CEB8-8B4A-11D0-8D11-00A0C91BC942}") = "MyHelloWorldThreads", "MyHelloWorldThreads\MyHelloWorldThreads.vcproj", "{ED7F4703-A935-46C3-A42B-1A4D9A0EB066}"
EndProject
Global
	GlobalSection(SolutionConfigurationPlatforms) = preSolution
		Debug|Win32 = Debug|Win32
		Release|Win32 = Release|Win32
	EndGlobalSection
	GlobalSection(ProjectConfigurationPlatforms) = postSolution
		{ED7F4703-A935-46C3-A42B-1A4D9A0EB066}.Debug|Win32.ActiveCfg = Debug|Win32
		{ED7F4703-A935-46C3-A42B-1A4D9A0EB066}.Debug|Win32.Build.0 = Debug|Win32
		{ED7F4703-A935-46C3-A42B-1A4D9A0EB066}.Release|Win32.ActiveCfg = Release|Win32
		{ED7F4703-A935-46C3-A42B-1A4D9A0EB066}.Release|Win32.Build.0 = Release|Win32
	EndGlobalSection
	GlobalSection(SolutionProperties) = preSolution
		HideSolutionNode = FALSE
	EndGlobalSection
EndGlobal
